Microsoft Visual Studio Solution File, Format Version 12.00
# Visual Studio Version 16
VisualStudioVersion = 16.0.30517.126
MinimumVisualStudioVersion = 10.0.40219.1
Project("{9A19103F-16F7-4668-BE54-9A1E7A4F7556}") = "LB.PhotoGalleries", "LB.PhotoGalleries\LB.PhotoGalleries.csproj", "{6532B964-3717-4383-BFB2-CD97254AC83A}"
EndProject
Project("{9A19103F-16F7-4668-BE54-9A1E7A4F7556}") = "LB.PhotoGalleries.Application", "LB.PhotoGalleries.Application\LB.PhotoGalleries.Application.csproj", "{4A2958BE-247C-4E72-AEF6-8088614F7D20}"
EndProject
Project("{9A19103F-16F7-4668-BE54-9A1E7A4F7556}") = "LB.PhotoGalleries.Models", "LB.PhotoGalleries.Models\LB.PhotoGalleries.Models.csproj", "{9424FBF1-A64B-46D2-8556-CD072155A48B}"
EndProject
Project("{9A19103F-16F7-4668-BE54-9A1E7A4F7556}") = "LB.PhotoGalleries.Shared", "LB.PhotoGalleries.Shared\LB.PhotoGalleries.Shared.csproj", "{66A797E1-3822-420D-95CB-6312386FEE56}"
EndProject
Project("{9A19103F-16F7-4668-BE54-9A1E7A4F7556}") = "LB.PhotoGalleries.Worker", "LB.PhotoGalleries.Worker\LB.PhotoGalleries.Worker.csproj", "{45ADFF15-57FA-4889-93B7-AC0C607D5CD2}"
EndProject
Project("{9A19103F-16F7-4668-BE54-9A1E7A4F7556}") = "LB.PhotoGalleries.Migrator", "LB.PhotoGalleries.Migrator\LB.PhotoGalleries.Migrator.csproj", "{E96E620F-A7ED-43C4-976E-413155D005D4}"
EndProject
Project("{FAE04EC0-301F-11D3-BF4B-00C04F79EFBC}") = "LB.PhotoGalleries.ComparisonTool", "LB.PhotoGalleries.ComparisonTool\LB.PhotoGalleries.ComparisonTool.csproj", "{D479B8AF-DD7A-41DD-842F-5713BD381199}"
EndProject
Global
	GlobalSection(SolutionConfigurationPlatforms) = preSolution
		Debug|Any CPU = Debug|Any CPU
		Release|Any CPU = Release|Any CPU
	EndGlobalSection
	GlobalSection(ProjectConfigurationPlatforms) = postSolution
		{6532B964-3717-4383-BFB2-CD97254AC83A}.Debug|Any CPU.ActiveCfg = Debug|Any CPU
		{6532B964-3717-4383-BFB2-CD97254AC83A}.Debug|Any CPU.Build.0 = Debug|Any CPU
		{6532B964-3717-4383-BFB2-CD97254AC83A}.Release|Any CPU.ActiveCfg = Release|Any CPU
		{6532B964-3717-4383-BFB2-CD97254AC83A}.Release|Any CPU.Build.0 = Release|Any CPU
		{4A2958BE-247C-4E72-AEF6-8088614F7D20}.Debug|Any CPU.ActiveCfg = Debug|Any CPU
		{4A2958BE-247C-4E72-AEF6-8088614F7D20}.Debug|Any CPU.Build.0 = Debug|Any CPU
		{4A2958BE-247C-4E72-AEF6-8088614F7D20}.Release|Any CPU.ActiveCfg = Release|Any CPU
		{4A2958BE-247C-4E72-AEF6-8088614F7D20}.Release|Any CPU.Build.0 = Release|Any CPU
		{9424FBF1-A64B-46D2-8556-CD072155A48B}.Debug|Any CPU.ActiveCfg = Debug|Any CPU
		{9424FBF1-A64B-46D2-8556-CD072155A48B}.Debug|Any CPU.Build.0 = Debug|Any CPU
		{9424FBF1-A64B-46D2-8556-CD072155A48B}.Release|Any CPU.ActiveCfg = Release|Any CPU
		{9424FBF1-A64B-46D2-8556-CD072155A48B}.Release|Any CPU.Build.0 = Release|Any CPU
		{66A797E1-3822-420D-95CB-6312386FEE56}.Debug|Any CPU.ActiveCfg = Debug|Any CPU
		{66A797E1-3822-420D-95CB-6312386FEE56}.Debug|Any CPU.Build.0 = Debug|Any CPU
		{66A797E1-3822-420D-95CB-6312386FEE56}.Release|Any CPU.ActiveCfg = Release|Any CPU
		{66A797E1-3822-420D-95CB-6312386FEE56}.Release|Any CPU.Build.0 = Release|Any CPU
		{45ADFF15-57FA-4889-93B7-AC0C607D5CD2}.Debug|Any CPU.ActiveCfg = Debug|Any CPU
		{45ADFF15-57FA-4889-93B7-AC0C607D5CD2}.Debug|Any CPU.Build.0 = Debug|Any CPU
		{45ADFF15-57FA-4889-93B7-AC0C607D5CD2}.Release|Any CPU.ActiveCfg = Release|Any CPU
		{45ADFF15-57FA-4889-93B7-AC0C607D5CD2}.Release|Any CPU.Build.0 = Release|Any CPU
		{E96E620F-A7ED-43C4-976E-413155D005D4}.Debug|Any CPU.ActiveCfg = Debug|Any CPU
		{E96E620F-A7ED-43C4-976E-413155D005D4}.Debug|Any CPU.Build.0 = Debug|Any CPU
		{E96E620F-A7ED-43C4-976E-413155D005D4}.Release|Any CPU.ActiveCfg = Release|Any CPU
		{E96E620F-A7ED-43C4-976E-413155D005D4}.Release|Any CPU.Build.0 = Release|Any CPU
		{D479B8AF-DD7A-41DD-842F-5713BD381199}.Debug|Any CPU.ActiveCfg = Debug|Any CPU
		{D479B8AF-DD7A-41DD-842F-5713BD381199}.Debug|Any CPU.Build.0 = Debug|Any CPU
		{D479B8AF-DD7A-41DD-842F-5713BD381199}.Release|Any CPU.ActiveCfg = Release|Any CPU
		{D479B8AF-DD7A-41DD-842F-5713BD381199}.Release|Any CPU.Build.0 = Release|Any CPU
	EndGlobalSection
	GlobalSection(SolutionProperties) = preSolution
		HideSolutionNode = FALSE
	EndGlobalSection
	GlobalSection(ExtensibilityGlobals) = postSolution
		SolutionGuid = {AC8F32BD-68E9-42B5-9EDA-C042A263DEAC}
	EndGlobalSection
EndGlobal
