
Microsoft Visual Studio Solution File, Format Version 12.00
# Visual Studio 15
Project("{FAE04EC0-301F-11D3-BF4B-00C04F79EFBC}") = "LB.PhotoGalleries", "LB.PhotoGalleries\LB.PhotoGalleries.csproj", "{6532B964-3717-4383-BFB2-CD97254AC83A}"
EndProject
Project("{FAE04EC0-301F-11D3-BF4B-00C04F79EFBC}") = "LB.PhotoGalleries.Application", "LB.PhotoGalleries.Application\LB.PhotoGalleries.Application.csproj", "{4A2958BE-247C-4E72-AEF6-8088614F7D20}"
EndProject
Global
	GlobalSection(SolutionConfigurationPlatforms) = preSolution
		Debug|Any CPU = Debug|Any CPU
		Release|Any CPU = Release|Any CPU
	EndGlobalSection
	GlobalSection(ProjectConfigurationPlatforms) = postSolution
		{6532B964-3717-4383-BFB2-CD97254AC83A}.Debug|Any CPU.ActiveCfg = Debug|Any CPU
		{6532B964-3717-4383-BFB2-CD97254AC83A}.Debug|Any CPU.Build.0 = Debug|Any CPU
		{6532B964-3717-4383-BFB2-CD97254AC83A}.Release|Any CPU.ActiveCfg = Release|Any CPU
		{6532B964-3717-4383-BFB2-CD97254AC83A}.Release|Any CPU.Build.0 = Release|Any CPU
		{4A2958BE-247C-4E72-AEF6-8088614F7D20}.Debug|Any CPU.ActiveCfg = Debug|Any CPU
		{4A2958BE-247C-4E72-AEF6-8088614F7D20}.Debug|Any CPU.Build.0 = Debug|Any CPU
		{4A2958BE-247C-4E72-AEF6-8088614F7D20}.Release|Any CPU.ActiveCfg = Release|Any CPU
		{4A2958BE-247C-4E72-AEF6-8088614F7D20}.Release|Any CPU.Build.0 = Release|Any CPU
	EndGlobalSection
EndGlobal
